
Microsoft Visual Studio Solution File, Format Version 12.00
# Visual Studio Version 16
VisualStudioVersion = 16.0.29411.108
MinimumVisualStudioVersion = 10.0.40219.1
Project("{FAE04EC0-301F-11D3-BF4B-00C04F79EFBC}") = "SimpleEventRostering", "SimpleEventRostering\SimpleEventRostering.csproj", "{C69149FF-03F4-479E-B4EC-08D2879E18D4}"
EndProject
Global
	GlobalSection(SolutionConfigurationPlatforms) = preSolution
		Debug|Any CPU = Debug|Any CPU
		Release|Any CPU = Release|Any CPU
	EndGlobalSection
	GlobalSection(ProjectConfigurationPlatforms) = postSolution
		{C69149FF-03F4-479E-B4EC-08D2879E18D4}.Debug|Any CPU.ActiveCfg = Debug|Any CPU
		{C69149FF-03F4-479E-B4EC-08D2879E18D4}.Debug|Any CPU.Build.0 = Debug|Any CPU
		{C69149FF-03F4-479E-B4EC-08D2879E18D4}.Release|Any CPU.ActiveCfg = Release|Any CPU
		{C69149FF-03F4-479E-B4EC-08D2879E18D4}.Release|Any CPU.Build.0 = Release|Any CPU
	EndGlobalSection
	GlobalSection(SolutionProperties) = preSolution
		HideSolutionNode = FALSE
	EndGlobalSection
	GlobalSection(ExtensibilityGlobals) = postSolution
		SolutionGuid = {E87B4774-23F9-4764-91E5-77AD0DCBAEBE}
	EndGlobalSection
EndGlobal
